
Microsoft Visual Studio Solution File, Format Version 12.00
# Visual Studio Version 17
VisualStudioVersion = 17.9.34728.123
MinimumVisualStudioVersion = 10.0.40219.1
Project("{FAE04EC0-301F-11D3-BF4B-00C04F79EFBC}") = "algorithemProgrammingSample", "algorithemProgrammingSample.csproj", "{195F2120-52EE-4112-83AB-CFE934A5DF51}"
EndProject
Global
	GlobalSection(SolutionConfigurationPlatforms) = preSolution
		Debug|Any CPU = Debug|Any CPU
		Release|Any CPU = Release|Any CPU
	EndGlobalSection
	GlobalSection(ProjectConfigurationPlatforms) = postSolution
		{195F2120-52EE-4112-83AB-CFE934A5DF51}.Debug|Any CPU.ActiveCfg = Debug|Any CPU
		{195F2120-52EE-4112-83AB-CFE934A5DF51}.Debug|Any CPU.Build.0 = Debug|Any CPU
		{195F2120-52EE-4112-83AB-CFE934A5DF51}.Release|Any CPU.ActiveCfg = Release|Any CPU
		{195F2120-52EE-4112-83AB-CFE934A5DF51}.Release|Any CPU.Build.0 = Release|Any CPU
	EndGlobalSection
	GlobalSection(SolutionProperties) = preSolution
		HideSolutionNode = FALSE
	EndGlobalSection
	GlobalSection(ExtensibilityGlobals) = postSolution
		SolutionGuid = {4E175E3B-5DE5-4FB2-9736-B1B3BFAEC1F2}
	EndGlobalSection
EndGlobal
